
Microsoft Visual Studio Solution File, Format Version 12.00
# Visual Studio 15
VisualStudioVersion = 15.0.27703.2047
MinimumVisualStudioVersion = 10.0.40219.1
Project("{9A19103F-16F7-4668-BE54-9A1E7A4F7556}") = "TODOList.API", "TODOList.API\TODOList.API.csproj", "{7A9B1704-9465-4E47-8560-A3E65B1688B2}"
EndProject
Project("{9A19103F-16F7-4668-BE54-9A1E7A4F7556}") = "TODOList.Entities", "TODOList.Entities\TODOList.Entities.csproj", "{A6BC0A06-DC3B-4926-8D3D-AA6F10810D95}"
EndProject
Project("{9A19103F-16F7-4668-BE54-9A1E7A4F7556}") = "TODOList.Tests", "TODOList.Tests\TODOList.Tests.csproj", "{6D7531B1-0BC5-4CF5-BC59-59D2B1820924}"
EndProject
Project("{9A19103F-16F7-4668-BE54-9A1E7A4F7556}") = "TODOList.Repositories", "TODOList.Repositories\TODOList.Repositories.csproj", "{1B1894EC-EC3A-42BC-9E9C-93C283D917E3}"
EndProject
Project("{FAE04EC0-301F-11D3-BF4B-00C04F79EFBC}") = "TODOList.MVC", "TODOList.MVC\TODOList.MVC.csproj", "{87F3380F-479E-4713-A5C8-9DE5CD7D151D}"
EndProject
Project("{2150E333-8FDC-42A3-9474-1A3956D46DE8}") = "Resources", "Resources", "{7900CB24-8125-42FA-BF8E-C2FE1250FBB3}"
EndProject
Project("{2150E333-8FDC-42A3-9474-1A3956D46DE8}") = "Tests", "Tests", "{F8BC4F62-9430-47FA-BE23-1A3CC5B3D1A9}"
EndProject
Project("{FAE04EC0-301F-11D3-BF4B-00C04F79EFBC}") = "TODOList.Enumerables", "TODOList.Enumerables\TODOList.Enumerables.csproj", "{FAFA3509-DF34-4371-96D5-F8325C919C5B}"
EndProject
Global
	GlobalSection(SolutionConfigurationPlatforms) = preSolution
		Debug|Any CPU = Debug|Any CPU
		Release|Any CPU = Release|Any CPU
	EndGlobalSection
	GlobalSection(ProjectConfigurationPlatforms) = postSolution
		{7A9B1704-9465-4E47-8560-A3E65B1688B2}.Debug|Any CPU.ActiveCfg = Debug|Any CPU
		{7A9B1704-9465-4E47-8560-A3E65B1688B2}.Debug|Any CPU.Build.0 = Debug|Any CPU
		{7A9B1704-9465-4E47-8560-A3E65B1688B2}.Release|Any CPU.ActiveCfg = Release|Any CPU
		{7A9B1704-9465-4E47-8560-A3E65B1688B2}.Release|Any CPU.Build.0 = Release|Any CPU
		{A6BC0A06-DC3B-4926-8D3D-AA6F10810D95}.Debug|Any CPU.ActiveCfg = Debug|Any CPU
		{A6BC0A06-DC3B-4926-8D3D-AA6F10810D95}.Debug|Any CPU.Build.0 = Debug|Any CPU
		{A6BC0A06-DC3B-4926-8D3D-AA6F10810D95}.Release|Any CPU.ActiveCfg = Release|Any CPU
		{A6BC0A06-DC3B-4926-8D3D-AA6F10810D95}.Release|Any CPU.Build.0 = Release|Any CPU
		{6D7531B1-0BC5-4CF5-BC59-59D2B1820924}.Debug|Any CPU.ActiveCfg = Debug|Any CPU
		{6D7531B1-0BC5-4CF5-BC59-59D2B1820924}.Debug|Any CPU.Build.0 = Debug|Any CPU
		{6D7531B1-0BC5-4CF5-BC59-59D2B1820924}.Release|Any CPU.ActiveCfg = Release|Any CPU
		{6D7531B1-0BC5-4CF5-BC59-59D2B1820924}.Release|Any CPU.Build.0 = Release|Any CPU
		{1B1894EC-EC3A-42BC-9E9C-93C283D917E3}.Debug|Any CPU.ActiveCfg = Debug|Any CPU
		{1B1894EC-EC3A-42BC-9E9C-93C283D917E3}.Debug|Any CPU.Build.0 = Debug|Any CPU
		{1B1894EC-EC3A-42BC-9E9C-93C283D917E3}.Release|Any CPU.ActiveCfg = Release|Any CPU
		{1B1894EC-EC3A-42BC-9E9C-93C283D917E3}.Release|Any CPU.Build.0 = Release|Any CPU
		{87F3380F-479E-4713-A5C8-9DE5CD7D151D}.Debug|Any CPU.ActiveCfg = Debug|Any CPU
		{87F3380F-479E-4713-A5C8-9DE5CD7D151D}.Debug|Any CPU.Build.0 = Debug|Any CPU
		{87F3380F-479E-4713-A5C8-9DE5CD7D151D}.Release|Any CPU.ActiveCfg = Release|Any CPU
		{87F3380F-479E-4713-A5C8-9DE5CD7D151D}.Release|Any CPU.Build.0 = Release|Any CPU
		{FAFA3509-DF34-4371-96D5-F8325C919C5B}.Debug|Any CPU.ActiveCfg = Debug|Any CPU
		{FAFA3509-DF34-4371-96D5-F8325C919C5B}.Debug|Any CPU.Build.0 = Debug|Any CPU
		{FAFA3509-DF34-4371-96D5-F8325C919C5B}.Release|Any CPU.ActiveCfg = Release|Any CPU
		{FAFA3509-DF34-4371-96D5-F8325C919C5B}.Release|Any CPU.Build.0 = Release|Any CPU
	EndGlobalSection
	GlobalSection(SolutionProperties) = preSolution
		HideSolutionNode = FALSE
	EndGlobalSection
	GlobalSection(NestedProjects) = preSolution
		{A6BC0A06-DC3B-4926-8D3D-AA6F10810D95} = {7900CB24-8125-42FA-BF8E-C2FE1250FBB3}
		{6D7531B1-0BC5-4CF5-BC59-59D2B1820924} = {F8BC4F62-9430-47FA-BE23-1A3CC5B3D1A9}
		{1B1894EC-EC3A-42BC-9E9C-93C283D917E3} = {7900CB24-8125-42FA-BF8E-C2FE1250FBB3}
		{FAFA3509-DF34-4371-96D5-F8325C919C5B} = {7900CB24-8125-42FA-BF8E-C2FE1250FBB3}
	EndGlobalSection
	GlobalSection(ExtensibilityGlobals) = postSolution
		SolutionGuid = {CB7A88CD-C2EA-47CC-81BC-FF24A493D13F}
	EndGlobalSection
EndGlobal
